
Microsoft Visual Studio Solution File, Format Version 12.00
# Visual Studio Version 16
VisualStudioVersion = 16.0.31702.278
MinimumVisualStudioVersion = 10.0.40219.1
Project("{FAE04EC0-301F-11D3-BF4B-00C04F79EFBC}") = "MicrosoftIdentityTest", "MicrosoftIdentityTest\MicrosoftIdentityTest.csproj", "{3702D5E9-5738-4151-BA44-74A16D72939D}"
EndProject
Project("{FAE04EC0-301F-11D3-BF4B-00C04F79EFBC}") = "Models", "Models\Models.csproj", "{78C33CBC-50B5-4E15-8F4E-02F1886838FA}"
EndProject
Project("{FAE04EC0-301F-11D3-BF4B-00C04F79EFBC}") = "ConnectToDB", "ConnectToDB\ConnectToDB.csproj", "{EA05B32A-8793-4569-A62E-68C0C6432DD6}"
EndProject
Global
	GlobalSection(SolutionConfigurationPlatforms) = preSolution
		Debug|Any CPU = Debug|Any CPU
		Release|Any CPU = Release|Any CPU
	EndGlobalSection
	GlobalSection(ProjectConfigurationPlatforms) = postSolution
		{3702D5E9-5738-4151-BA44-74A16D72939D}.Debug|Any CPU.ActiveCfg = Debug|Any CPU
		{3702D5E9-5738-4151-BA44-74A16D72939D}.Debug|Any CPU.Build.0 = Debug|Any CPU
		{3702D5E9-5738-4151-BA44-74A16D72939D}.Release|Any CPU.ActiveCfg = Release|Any CPU
		{3702D5E9-5738-4151-BA44-74A16D72939D}.Release|Any CPU.Build.0 = Release|Any CPU
		{78C33CBC-50B5-4E15-8F4E-02F1886838FA}.Debug|Any CPU.ActiveCfg = Debug|Any CPU
		{78C33CBC-50B5-4E15-8F4E-02F1886838FA}.Debug|Any CPU.Build.0 = Debug|Any CPU
		{78C33CBC-50B5-4E15-8F4E-02F1886838FA}.Release|Any CPU.ActiveCfg = Release|Any CPU
		{78C33CBC-50B5-4E15-8F4E-02F1886838FA}.Release|Any CPU.Build.0 = Release|Any CPU
		{EA05B32A-8793-4569-A62E-68C0C6432DD6}.Debug|Any CPU.ActiveCfg = Debug|Any CPU
		{EA05B32A-8793-4569-A62E-68C0C6432DD6}.Debug|Any CPU.Build.0 = Debug|Any CPU
		{EA05B32A-8793-4569-A62E-68C0C6432DD6}.Release|Any CPU.ActiveCfg = Release|Any CPU
		{EA05B32A-8793-4569-A62E-68C0C6432DD6}.Release|Any CPU.Build.0 = Release|Any CPU
	EndGlobalSection
	GlobalSection(SolutionProperties) = preSolution
		HideSolutionNode = FALSE
	EndGlobalSection
	GlobalSection(ExtensibilityGlobals) = postSolution
		SolutionGuid = {827D7D6E-D87F-4811-91A4-2F3D8A4F1257}
	EndGlobalSection
EndGlobal
